
Microsoft Visual Studio Solution File, Format Version 12.00
# Visual Studio 15
VisualStudioVersion = 15.0.28016.0
MinimumVisualStudioVersion = 10.0.40219.1
Project("{2150E333-8FDC-42A3-9474-1A3956D46DE8}") = "src", "src", "{39BB59B6-90C0-4722-8E47-EB761128D072}"
EndProject
Project("{2150E333-8FDC-42A3-9474-1A3956D46DE8}") = "test", "test", "{37C51F3A-4822-422D-972B-9D39ED38288A}"
EndProject
Project("{FAE04EC0-301F-11D3-BF4B-00C04F79EFBC}") = "QueueFramework", "src\QueueFramework\QueueFramework.csproj", "{93600240-D053-4412-828A-3C703A6640AA}"
EndProject
Project("{FAE04EC0-301F-11D3-BF4B-00C04F79EFBC}") = "QueueFramework.Test", "test\QueueFramework.Test\QueueFramework.Test.csproj", "{97409BDF-E340-45E0-A6F4-8B90428C6E9C}"
EndProject
Global
	GlobalSection(SolutionConfigurationPlatforms) = preSolution
		Debug|Any CPU = Debug|Any CPU
		Release|Any CPU = Release|Any CPU
	EndGlobalSection
	GlobalSection(ProjectConfigurationPlatforms) = postSolution
		{93600240-D053-4412-828A-3C703A6640AA}.Debug|Any CPU.ActiveCfg = Debug|Any CPU
		{93600240-D053-4412-828A-3C703A6640AA}.Debug|Any CPU.Build.0 = Debug|Any CPU
		{93600240-D053-4412-828A-3C703A6640AA}.Release|Any CPU.ActiveCfg = Release|Any CPU
		{93600240-D053-4412-828A-3C703A6640AA}.Release|Any CPU.Build.0 = Release|Any CPU
		{97409BDF-E340-45E0-A6F4-8B90428C6E9C}.Debug|Any CPU.ActiveCfg = Debug|Any CPU
		{97409BDF-E340-45E0-A6F4-8B90428C6E9C}.Debug|Any CPU.Build.0 = Debug|Any CPU
		{97409BDF-E340-45E0-A6F4-8B90428C6E9C}.Release|Any CPU.ActiveCfg = Release|Any CPU
		{97409BDF-E340-45E0-A6F4-8B90428C6E9C}.Release|Any CPU.Build.0 = Release|Any CPU
	EndGlobalSection
	GlobalSection(SolutionProperties) = preSolution
		HideSolutionNode = FALSE
	EndGlobalSection
	GlobalSection(NestedProjects) = preSolution
		{93600240-D053-4412-828A-3C703A6640AA} = {39BB59B6-90C0-4722-8E47-EB761128D072}
		{97409BDF-E340-45E0-A6F4-8B90428C6E9C} = {37C51F3A-4822-422D-972B-9D39ED38288A}
	EndGlobalSection
	GlobalSection(ExtensibilityGlobals) = postSolution
		SolutionGuid = {7A9B6A8B-1F3B-4520-953D-D2E3A0616F83}
	EndGlobalSection
EndGlobal
